// !$*UTF8*$!
{
	archiveVersion = 1;
	classes = {
	};
	objectVersion = 56;
	objects = {

/* Begin PBXBuildFile section */
		378924362AF4011400A0055C /* SafariCloudReaderKit in Frameworks */ = {isa = PBXBuildFile; productRef = 378924352AF4011400A0055C /* SafariCloudReaderKit */; };
		378924382AF4062900A0055C /* TabList.swift in Sources */ = {isa = PBXBuildFile; fileRef = 378924372AF4062900A0055C /* TabList.swift */; };
		3789243A2AF4071000A0055C /* TabRowView.swift in Sources */ = {isa = PBXBuildFile; fileRef = 378924392AF4071000A0055C /* TabRowView.swift */; };
		3789243E2AF40D6400A0055C /* MenuBarScene.swift in Sources */ = {isa = PBXBuildFile; fileRef = 3789243D2AF40D6400A0055C /* MenuBarScene.swift */; };
		378924402AF4130900A0055C /* RequestTabAccessView.swift in Sources */ = {isa = PBXBuildFile; fileRef = 3789243F2AF4130900A0055C /* RequestTabAccessView.swift */; };
		378924442AF4138500A0055C /* PreferencesView.swift in Sources */ = {isa = PBXBuildFile; fileRef = 378924432AF4138500A0055C /* PreferencesView.swift */; };
		378924462AF414F900A0055C /* Constants.swift in Sources */ = {isa = PBXBuildFile; fileRef = 378924452AF414F900A0055C /* Constants.swift */; };
		37C8573D2AEAAEC3002293BA /* SafariCloudTabReaderApp.swift in Sources */ = {isa = PBXBuildFile; fileRef = 37C8573C2AEAAEC3002293BA /* SafariCloudTabReaderApp.swift */; };
		37C8573F2AEAAEC3002293BA /* ContentView.swift in Sources */ = {isa = PBXBuildFile; fileRef = 37C8573E2AEAAEC3002293BA /* ContentView.swift */; };
		37C857412AEAAEC4002293BA /* Assets.xcassets in Resources */ = {isa = PBXBuildFile; fileRef = 37C857402AEAAEC4002293BA /* Assets.xcassets */; };
		37C857442AEAAEC4002293BA /* Preview Assets.xcassets in Resources */ = {isa = PBXBuildFile; fileRef = 37C857432AEAAEC4002293BA /* Preview Assets.xcassets */; };
/* End PBXBuildFile section */

/* Begin PBXFileReference section */
		378924332AF3FE1100A0055C /* SafariCloudReaderKit */ = {isa = PBXFileReference; lastKnownFileType = wrapper; path = SafariCloudReaderKit; sourceTree = "<group>"; };
		378924372AF4062900A0055C /* TabList.swift */ = {isa = PBXFileReference; lastKnownFileType = sourcecode.swift; path = TabList.swift; sourceTree = "<group>"; };
		378924392AF4071000A0055C /* TabRowView.swift */ = {isa = PBXFileReference; lastKnownFileType = sourcecode.swift; path = TabRowView.swift; sourceTree = "<group>"; };
		3789243D2AF40D6400A0055C /* MenuBarScene.swift */ = {isa = PBXFileReference; lastKnownFileType = sourcecode.swift; path = MenuBarScene.swift; sourceTree = "<group>"; };
		3789243F2AF4130900A0055C /* RequestTabAccessView.swift */ = {isa = PBXFileReference; lastKnownFileType = sourcecode.swift; path = RequestTabAccessView.swift; sourceTree = "<group>"; };
		378924432AF4138500A0055C /* PreferencesView.swift */ = {isa = PBXFileReference; lastKnownFileType = sourcecode.swift; path = PreferencesView.swift; sourceTree = "<group>"; };
		378924452AF414F900A0055C /* Constants.swift */ = {isa = PBXFileReference; lastKnownFileType = sourcecode.swift; path = Constants.swift; sourceTree = "<group>"; };
		37C857392AEAAEC3002293BA /* SafariCloudTabReader.app */ = {isa = PBXFileReference; explicitFileType = wrapper.application; includeInIndex = 0; path = SafariCloudTabReader.app; sourceTree = BUILT_PRODUCTS_DIR; };
		37C8573C2AEAAEC3002293BA /* SafariCloudTabReaderApp.swift */ = {isa = PBXFileReference; lastKnownFileType = sourcecode.swift; path = SafariCloudTabReaderApp.swift; sourceTree = "<group>"; };
		37C8573E2AEAAEC3002293BA /* ContentView.swift */ = {isa = PBXFileReference; lastKnownFileType = sourcecode.swift; path = ContentView.swift; sourceTree = "<group>"; };
		37C857402AEAAEC4002293BA /* Assets.xcassets */ = {isa = PBXFileReference; lastKnownFileType = folder.assetcatalog; path = Assets.xcassets; sourceTree = "<group>"; };
		37C857432AEAAEC4002293BA /* Preview Assets.xcassets */ = {isa = PBXFileReference; lastKnownFileType = folder.assetcatalog; path = "Preview Assets.xcassets"; sourceTree = "<group>"; };
		37C857452AEAAEC4002293BA /* SafariCloudTabReader.entitlements */ = {isa = PBXFileReference; lastKnownFileType = text.plist.entitlements; path = SafariCloudTabReader.entitlements; sourceTree = "<group>"; };
/* End PBXFileReference section */

/* Begin PBXFrameworksBuildPhase section */
		37C857362AEAAEC3002293BA /* Frameworks */ = {
			isa = PBXFrameworksBuildPhase;
			buildActionMask = 2147483647;
			files = (
				378924362AF4011400A0055C /* SafariCloudReaderKit in Frameworks */,
			);
			runOnlyForDeploymentPostprocessing = 0;
		};
/* End PBXFrameworksBuildPhase section */

/* Begin PBXGroup section */
		378924342AF4011400A0055C /* Frameworks */ = {
			isa = PBXGroup;
			children = (
			);
			name = Frameworks;
			sourceTree = "<group>";
		};
		378924412AF4132D00A0055C /* MenuBarView */ = {
			isa = PBXGroup;
			children = (
				3789243D2AF40D6400A0055C /* MenuBarScene.swift */,
				378924372AF4062900A0055C /* TabList.swift */,
				378924392AF4071000A0055C /* TabRowView.swift */,
			);
			path = MenuBarView;
			sourceTree = "<group>";
		};
		378924422AF4133900A0055C /* MainView */ = {
			isa = PBXGroup;
			children = (
				37C8573E2AEAAEC3002293BA /* ContentView.swift */,
				3789243F2AF4130900A0055C /* RequestTabAccessView.swift */,
				378924432AF4138500A0055C /* PreferencesView.swift */,
			);
			path = MainView;
			sourceTree = "<group>";
		};
		37C857302AEAAEC3002293BA = {
			isa = PBXGroup;
			children = (
				378924332AF3FE1100A0055C /* SafariCloudReaderKit */,
				37C8573B2AEAAEC3002293BA /* SafariCloudTabReader */,
				37C8573A2AEAAEC3002293BA /* Products */,
				378924342AF4011400A0055C /* Frameworks */,
			);
			sourceTree = "<group>";
		};
		37C8573A2AEAAEC3002293BA /* Products */ = {
			isa = PBXGroup;
			children = (
				37C857392AEAAEC3002293BA /* SafariCloudTabReader.app */,
			);
			name = Products;
			sourceTree = "<group>";
		};
		37C8573B2AEAAEC3002293BA /* SafariCloudTabReader */ = {
			isa = PBXGroup;
			children = (
				37C8573C2AEAAEC3002293BA /* SafariCloudTabReaderApp.swift */,
				378924412AF4132D00A0055C /* MenuBarView */,
				378924422AF4133900A0055C /* MainView */,
				37C857402AEAAEC4002293BA /* Assets.xcassets */,
				37C857452AEAAEC4002293BA /* SafariCloudTabReader.entitlements */,
				37C857422AEAAEC4002293BA /* Preview Content */,
				378924452AF414F900A0055C /* Constants.swift */,
			);
			path = SafariCloudTabReader;
			sourceTree = "<group>";
		};
		37C857422AEAAEC4002293BA /* Preview Content */ = {
			isa = PBXGroup;
			children = (
				37C857432AEAAEC4002293BA /* Preview Assets.xcassets */,
			);
			path = "Preview Content";
			sourceTree = "<group>";
		};
/* End PBXGroup section */

/* Begin PBXNativeTarget section */
		37C857382AEAAEC3002293BA /* SafariCloudTabReader */ = {
			isa = PBXNativeTarget;
			buildConfigurationList = 37C857482AEAAEC4002293BA /* Build configuration list for PBXNativeTarget "SafariCloudTabReader" */;
			buildPhases = (
				37C857352AEAAEC3002293BA /* Sources */,
				37C857362AEAAEC3002293BA /* Frameworks */,
				37C857372AEAAEC3002293BA /* Resources */,
			);
			buildRules = (
			);
			dependencies = (
			);
			name = SafariCloudTabReader;
			packageProductDependencies = (
				378924352AF4011400A0055C /* SafariCloudReaderKit */,
			);
			productName = SafariCloudTabReader;
			productReference = 37C857392AEAAEC3002293BA /* SafariCloudTabReader.app */;
			productType = "com.apple.product-type.application";
		};
/* End PBXNativeTarget section */

/* Begin PBXProject section */
		37C857312AEAAEC3002293BA /* Project object */ = {
			isa = PBXProject;
			attributes = {
				BuildIndependentTargetsInParallel = 1;
				LastSwiftUpdateCheck = 1500;
				LastUpgradeCheck = 1500;
				TargetAttributes = {
					37C857382AEAAEC3002293BA = {
						CreatedOnToolsVersion = 15.0.1;
					};
				};
			};
			buildConfigurationList = 37C857342AEAAEC3002293BA /* Build configuration list for PBXProject "SafariCloudTabReader" */;
			compatibilityVersion = "Xcode 14.0";
			developmentRegion = en;
			hasScannedForEncodings = 0;
			knownRegions = (
				en,
				Base,
			);
			mainGroup = 37C857302AEAAEC3002293BA;
			packageReferences = (
			);
			productRefGroup = 37C8573A2AEAAEC3002293BA /* Products */;
			projectDirPath = "";
			projectRoot = "";
			targets = (
				37C857382AEAAEC3002293BA /* SafariCloudTabReader */,
			);
		};
/* End PBXProject section */

/* Begin PBXResourcesBuildPhase section */
		37C857372AEAAEC3002293BA /* Resources */ = {
			isa = PBXResourcesBuildPhase;
			buildActionMask = 2147483647;
			files = (
				37C857442AEAAEC4002293BA /* Preview Assets.xcassets in Resources */,
				37C857412AEAAEC4002293BA /* Assets.xcassets in Resources */,
			);
			runOnlyForDeploymentPostprocessing = 0;
		};
/* End PBXResourcesBuildPhase section */

/* Begin PBXSourcesBuildPhase section */
		37C857352AEAAEC3002293BA /* Sources */ = {
			isa = PBXSourcesBuildPhase;
			buildActionMask = 2147483647;
			files = (
				378924402AF4130900A0055C /* RequestTabAccessView.swift in Sources */,
				37C8573F2AEAAEC3002293BA /* ContentView.swift in Sources */,
				3789243E2AF40D6400A0055C /* MenuBarScene.swift in Sources */,
				3789243A2AF4071000A0055C /* TabRowView.swift in Sources */,
				37C8573D2AEAAEC3002293BA /* SafariCloudTabReaderApp.swift in Sources */,
				378924382AF4062900A0055C /* TabList.swift in Sources */,
				378924442AF4138500A0055C /* PreferencesView.swift in Sources */,
				378924462AF414F900A0055C /* Constants.swift in Sources */,
			);
			runOnlyForDeploymentPostprocessing = 0;
		};
/* End PBXSourcesBuildPhase section */

/* Begin XCBuildConfiguration section */
		37C857462AEAAEC4002293BA /* Debug */ = {
			isa = XCBuildConfiguration;
			buildSettings = {
				ALWAYS_SEARCH_USER_PATHS = NO;
				ASSETCATALOG_COMPILER_GENERATE_SWIFT_ASSET_SYMBOL_EXTENSIONS = YES;
				CLANG_ANALYZER_NONNULL = YES;
				CLANG_ANALYZER_NUMBER_OBJECT_CONVERSION = YES_AGGRESSIVE;
				CLANG_CXX_LANGUAGE_STANDARD = "gnu++20";
				CLANG_ENABLE_MODULES = YES;
				CLANG_ENABLE_OBJC_ARC = YES;
				CLANG_ENABLE_OBJC_WEAK = YES;
				CLANG_WARN_BLOCK_CAPTURE_AUTORELEASING = YES;
				CLANG_WARN_BOOL_CONVERSION = YES;
				CLANG_WARN_COMMA = YES;
				CLANG_WARN_CONSTANT_CONVERSION = YES;
				CLANG_WARN_DEPRECATED_OBJC_IMPLEMENTATIONS = YES;
				CLANG_WARN_DIRECT_OBJC_ISA_USAGE = YES_ERROR;
				CLANG_WARN_DOCUMENTATION_COMMENTS = YES;
				CLANG_WARN_EMPTY_BODY = YES;
				CLANG_WARN_ENUM_CONVERSION = YES;
				CLANG_WARN_INFINITE_RECURSION = YES;
				CLANG_WARN_INT_CONVERSION = YES;
				CLANG_WARN_NON_LITERAL_NULL_CONVERSION = YES;
				CLANG_WARN_OBJC_IMPLICIT_RETAIN_SELF = YES;
				CLANG_WARN_OBJC_LITERAL_CONVERSION = YES;
				CLANG_WARN_OBJC_ROOT_CLASS = YES_ERROR;
				CLANG_WARN_QUOTED_INCLUDE_IN_FRAMEWORK_HEADER = YES;
				CLANG_WARN_RANGE_LOOP_ANALYSIS = YES;
				CLANG_WARN_STRICT_PROTOTYPES = YES;
				CLANG_WARN_SUSPICIOUS_MOVE = YES;
				CLANG_WARN_UNGUARDED_AVAILABILITY = YES_AGGRESSIVE;
				CLANG_WARN_UNREACHABLE_CODE = YES;
				CLANG_WARN__DUPLICATE_METHOD_MATCH = YES;
				COPY_PHASE_STRIP = NO;
				DEBUG_INFORMATION_FORMAT = dwarf;
				ENABLE_STRICT_OBJC_MSGSEND = YES;
				ENABLE_TESTABILITY = YES;
				ENABLE_USER_SCRIPT_SANDBOXING = YES;
				GCC_C_LANGUAGE_STANDARD = gnu17;
				GCC_DYNAMIC_NO_PIC = NO;
				GCC_NO_COMMON_BLOCKS = YES;
				GCC_OPTIMIZATION_LEVEL = 0;
				GCC_PREPROCESSOR_DEFINITIONS = (
					"DEBUG=1",
					"$(inherited)",
				);
				GCC_WARN_64_TO_32_BIT_CONVERSION = YES;
				GCC_WARN_ABOUT_RETURN_TYPE = YES_ERROR;
				GCC_WARN_UNDECLARED_SELECTOR = YES;
				GCC_WARN_UNINITIALIZED_AUTOS = YES_AGGRESSIVE;
				GCC_WARN_UNUSED_FUNCTION = YES;
				GCC_WARN_UNUSED_VARIABLE = YES;
				LOCALIZATION_PREFERS_STRING_CATALOGS = YES;
				MACOSX_DEPLOYMENT_TARGET = 14.0;
				MTL_ENABLE_DEBUG_INFO = INCLUDE_SOURCE;
				MTL_FAST_MATH = YES;
				ONLY_ACTIVE_ARCH = YES;
				SDKROOT = macosx;
				SWIFT_ACTIVE_COMPILATION_CONDITIONS = "DEBUG $(inherited)";
				SWIFT_OPTIMIZATION_LEVEL = "-Onone";
			};
			name = Debug;
		};
		37C857472AEAAEC4002293BA /* Release */ = {
			isa = XCBuildConfiguration;
			buildSettings = {
				ALWAYS_SEARCH_USER_PATHS = NO;
				ASSETCATALOG_COMPILER_GENERATE_SWIFT_ASSET_SYMBOL_EXTENSIONS = YES;
				CLANG_ANALYZER_NONNULL = YES;
				CLANG_ANALYZER_NUMBER_OBJECT_CONVERSION = YES_AGGRESSIVE;
				CLANG_CXX_LANGUAGE_STANDARD = "gnu++20";
				CLANG_ENABLE_MODULES = YES;
				CLANG_ENABLE_OBJC_ARC = YES;
				CLANG_ENABLE_OBJC_WEAK = YES;
				CLANG_WARN_BLOCK_CAPTURE_AUTORELEASING = YES;
				CLANG_WARN_BOOL_CONVERSION = YES;
				CLANG_WARN_COMMA = YES;
				CLANG_WARN_CONSTANT_CONVERSION = YES;
				CLANG_WARN_DEPRECATED_OBJC_IMPLEMENTATIONS = YES;
				CLANG_WARN_DIRECT_OBJC_ISA_USAGE = YES_ERROR;
				CLANG_WARN_DOCUMENTATION_COMMENTS = YES;
				CLANG_WARN_EMPTY_BODY = YES;
				CLANG_WARN_ENUM_CONVERSION = YES;
				CLANG_WARN_INFINITE_RECURSION = YES;
				CLANG_WARN_INT_CONVERSION = YES;
				CLANG_WARN_NON_LITERAL_NULL_CONVERSION = YES;
				CLANG_WARN_OBJC_IMPLICIT_RETAIN_SELF = YES;
				CLANG_WARN_OBJC_LITERAL_CONVERSION = YES;
				CLANG_WARN_OBJC_ROOT_CLASS = YES_ERROR;
				CLANG_WARN_QUOTED_INCLUDE_IN_FRAMEWORK_HEADER = YES;
				CLANG_WARN_RANGE_LOOP_ANALYSIS = YES;
				CLANG_WARN_STRICT_PROTOTYPES = YES;
				CLANG_WARN_SUSPICIOUS_MOVE = YES;
				CLANG_WARN_UNGUARDED_AVAILABILITY = YES_AGGRESSIVE;
				CLANG_WARN_UNREACHABLE_CODE = YES;
				CLANG_WARN__DUPLICATE_METHOD_MATCH = YES;
				COPY_PHASE_STRIP = NO;
				DEBUG_INFORMATION_FORMAT = "dwarf-with-dsym";
				ENABLE_NS_ASSERTIONS = NO;
				ENABLE_STRICT_OBJC_MSGSEND = YES;
				ENABLE_USER_SCRIPT_SANDBOXING = YES;
				GCC_C_LANGUAGE_STANDARD = gnu17;
				GCC_NO_COMMON_BLOCKS = YES;
				GCC_WARN_64_TO_32_BIT_CONVERSION = YES;
				GCC_WARN_ABOUT_RETURN_TYPE = YES_ERROR;
				GCC_WARN_UNDECLARED_SELECTOR = YES;
				GCC_WARN_UNINITIALIZED_AUTOS = YES_AGGRESSIVE;
				GCC_WARN_UNUSED_FUNCTION = YES;
				GCC_WARN_UNUSED_VARIABLE = YES;
				LOCALIZATION_PREFERS_STRING_CATALOGS = YES;
				MACOSX_DEPLOYMENT_TARGET = 14.0;
				MTL_ENABLE_DEBUG_INFO = NO;
				MTL_FAST_MATH = YES;
				SDKROOT = macosx;
				SWIFT_COMPILATION_MODE = wholemodule;
			};
			name = Release;
		};
		37C857492AEAAEC4002293BA /* Debug */ = {
			isa = XCBuildConfiguration;
			buildSettings = {
				ASSETCATALOG_COMPILER_APPICON_NAME = AppIcon;
				ASSETCATALOG_COMPILER_GLOBAL_ACCENT_COLOR_NAME = AccentColor;
				CODE_SIGN_ENTITLEMENTS = SafariCloudTabReader/SafariCloudTabReader.entitlements;
				CODE_SIGN_STYLE = Automatic;
				COMBINE_HIDPI_IMAGES = YES;
				CURRENT_PROJECT_VERSION = 1;
				DEVELOPMENT_ASSET_PATHS = "\"SafariCloudTabReader/Preview Content\"";
				DEVELOPMENT_TEAM = CZLT48TREY;
				ENABLE_HARDENED_RUNTIME = YES;
				ENABLE_PREVIEWS = YES;
				GENERATE_INFOPLIST_FILE = YES;
				INFOPLIST_KEY_NSHumanReadableCopyright = "";
				LD_RUNPATH_SEARCH_PATHS = (
					"$(inherited)",
					"@executable_path/../Frameworks",
				);
				MACOSX_DEPLOYMENT_TARGET = 12.0;
				MARKETING_VERSION = 1.0;
				PRODUCT_BUNDLE_IDENTIFIER = ch.SafariCloudTabReader;
				PRODUCT_NAME = "$(TARGET_NAME)";
				SWIFT_EMIT_LOC_STRINGS = YES;
				SWIFT_VERSION = 5.0;
			};
			name = Debug;
		};
		37C8574A2AEAAEC4002293BA /* Release */ = {
			isa = XCBuildConfiguration;
			buildSettings = {
				ASSETCATALOG_COMPILER_APPICON_NAME = AppIcon;
				ASSETCATALOG_COMPILER_GLOBAL_ACCENT_COLOR_NAME = AccentColor;
				CODE_SIGN_ENTITLEMENTS = SafariCloudTabReader/SafariCloudTabReader.entitlements;
				CODE_SIGN_STYLE = Automatic;
				COMBINE_HIDPI_IMAGES = YES;
				CURRENT_PROJECT_VERSION = 1;
				DEVELOPMENT_ASSET_PATHS = "\"SafariCloudTabReader/Preview Content\"";
				DEVELOPMENT_TEAM = CZLT48TREY;
				ENABLE_HARDENED_RUNTIME = YES;
				ENABLE_PREVIEWS = YES;
				GENERATE_INFOPLIST_FILE = YES;
				INFOPLIST_KEY_NSHumanReadableCopyright = "";
				LD_RUNPATH_SEARCH_PATHS = (
					"$(inherited)",
					"@executable_path/../Frameworks",
				);
				MACOSX_DEPLOYMENT_TARGET = 12.0;
				MARKETING_VERSION = 1.0;
				PRODUCT_BUNDLE_IDENTIFIER = ch.SafariCloudTabReader;
				PRODUCT_NAME = "$(TARGET_NAME)";
				SWIFT_EMIT_LOC_STRINGS = YES;
				SWIFT_VERSION = 5.0;
			};
			name = Release;
		};
/* End XCBuildConfiguration section */

/* Begin XCConfigurationList section */
		37C857342AEAAEC3002293BA /* Build configuration list for PBXProject "SafariCloudTabReader" */ = {
			isa = XCConfigurationList;
			buildConfigurations = (
				37C857462AEAAEC4002293BA /* Debug */,
				37C857472AEAAEC4002293BA /* Release */,
			);
			defaultConfigurationIsVisible = 0;
			defaultConfigurationName = Release;
		};
		37C857482AEAAEC4002293BA /* Build configuration list for PBXNativeTarget "SafariCloudTabReader" */ = {
			isa = XCConfigurationList;
			buildConfigurations = (
				37C857492AEAAEC4002293BA /* Debug */,
				37C8574A2AEAAEC4002293BA /* Release */,
			);
			defaultConfigurationIsVisible = 0;
			defaultConfigurationName = Release;
		};
/* End XCConfigurationList section */

/* Begin XCSwiftPackageProductDependency section */
		378924352AF4011400A0055C /* SafariCloudReaderKit */ = {
			isa = XCSwiftPackageProductDependency;
			productName = SafariCloudReaderKit;
		};
/* End XCSwiftPackageProductDependency section */
	};
	rootObject = 37C857312AEAAEC3002293BA /* Project object */;
}
